
Microsoft Visual Studio Solution File, Format Version 12.00
# Visual Studio 2013
VisualStudioVersion = 12.0.21005.1
MinimumVisualStudioVersion = 10.0.40219.1
Project("{FAE04EC0-301F-11D3-BF4B-00C04F79EFBC}") = "OpenFlightGamepad", "OpenFlightGamepad\OpenFlightGamepad.csproj", "{834C7DDD-0E59-43E0-A540-409434C3E0E1}"
EndProject
Project("{FAE04EC0-301F-11D3-BF4B-00C04F79EFBC}") = "SimpleWifi", "SimpleWifi\SimpleWifi.csproj", "{6AA425C9-EA6A-4B01-AAED-5FF122E8B663}"
EndProject
Project("{FAE04EC0-301F-11D3-BF4B-00C04F79EFBC}") = "DroneUdpVideoRX", "DroneUdpVideoRX\DroneUdpVideoRX.csproj", "{F35283D1-8CFE-499A-A2F0-833F7D71775D}"
EndProject
Project("{FAE04EC0-301F-11D3-BF4B-00C04F79EFBC}") = "DroneConnect", "DroneConnect\DroneConnect.csproj", "{088F6E48-A1E6-4666-A4C8-22277D66175A}"
EndProject
Project("{FAE04EC0-301F-11D3-BF4B-00C04F79EFBC}") = "DroneSetPoint", "DroneSetPoint\DroneSetPoint.csproj", "{274FCAF3-08C2-48C1-87F2-88E6BA20AF42}"
EndProject
Project("{FAE04EC0-301F-11D3-BF4B-00C04F79EFBC}") = "Drone_YU12_Test", "Drone_YU12_Test\Drone_YU12_Test.csproj", "{9146475A-3A1D-48A8-B080-AD87FC169011}"
EndProject
Project("{FAE04EC0-301F-11D3-BF4B-00C04F79EFBC}") = "SharpFtpServer", "SharpFtpServer\SharpFtpServer.csproj", "{EA31F646-F757-4436-B3D2-D54AE82DB920}"
EndProject
Project("{FAE04EC0-301F-11D3-BF4B-00C04F79EFBC}") = "Telnet", "telnet\Telnet\Telnet.csproj", "{C0A19260-2CE0-4253-80CB-8579BCFDDED3}"
EndProject
Project("{FAE04EC0-301F-11D3-BF4B-00C04F79EFBC}") = "TestClient", "telnet\TestClient\TestClient.csproj", "{03006024-1074-4541-8470-FC5649D91805}"
EndProject
Project("{FAE04EC0-301F-11D3-BF4B-00C04F79EFBC}") = "DroneUdpTestTool", "DroneUdpTestTool\DroneUdpTestTool.csproj", "{EAE23909-C873-454F-81FE-01E725F58C90}"
EndProject
Project("{FAE04EC0-301F-11D3-BF4B-00C04F79EFBC}") = "DroneTcpTestTool", "DroneTcpTestTool\DroneTcpTestTool.csproj", "{E5EB3E1E-78C4-4740-997E-BDD3BBEEBE8C}"
EndProject
Project("{FAE04EC0-301F-11D3-BF4B-00C04F79EFBC}") = "DroneUdpSendJoystick", "DroneUdpSendJoystick\DroneUdpSendJoystick.csproj", "{45B8F3C0-F74A-4E7C-BAA2-9571CE137A4C}"
EndProject
Project("{FAE04EC0-301F-11D3-BF4B-00C04F79EFBC}") = "AvionicsInstrumentControlDemo", "AvionicsInstrumentControlDemo\AvionicsInstrumentControlDemo.csproj", "{1D3163E6-DC65-4595-9D51-4FD9174F2F61}"
EndProject
Project("{FAE04EC0-301F-11D3-BF4B-00C04F79EFBC}") = "DroneTelnetCmd", "DroneTelnetCmd\DroneTelnetCmd.csproj", "{8AAA2C1E-5681-43D4-8758-5666AC32772C}"
EndProject
Project("{FAE04EC0-301F-11D3-BF4B-00C04F79EFBC}") = "SimpleWifi.Example", "SimpleWifi.Example\SimpleWifi.Example.csproj", "{3C058EA7-22FA-461F-A0EC-BBD0FC941B30}"
EndProject
Project("{FAE04EC0-301F-11D3-BF4B-00C04F79EFBC}") = "Ssh", "telnet\Ssh\Ssh.csproj", "{A3CF5C83-93FC-4AB8-B73E-3627478433EF}"
EndProject
Project("{FAE04EC0-301F-11D3-BF4B-00C04F79EFBC}") = "AxiomDX9Game", "AxiomDX9Game\AxiomDX9Game.csproj", "{1E2AEB19-3715-4069-A129-50277726D449}"
EndProject
Project("{FAE04EC0-301F-11D3-BF4B-00C04F79EFBC}") = "SerialPlotAccel", "SerialPlotAccel\SerialPlotAccel.csproj", "{2437BDA8-751B-42DF-8418-E149CD53B305}"
EndProject
Global
	GlobalSection(SolutionConfigurationPlatforms) = preSolution
		Debug|Any CPU = Debug|Any CPU
		Debug|Mixed Platforms = Debug|Mixed Platforms
		Debug|Win32 = Debug|Win32
		Debug|x86 = Debug|x86
		Release|Any CPU = Release|Any CPU
		Release|Mixed Platforms = Release|Mixed Platforms
		Release|Win32 = Release|Win32
		Release|x86 = Release|x86
	EndGlobalSection
	GlobalSection(ProjectConfigurationPlatforms) = postSolution
		{834C7DDD-0E59-43E0-A540-409434C3E0E1}.Debug|Any CPU.ActiveCfg = Debug|Any CPU
		{834C7DDD-0E59-43E0-A540-409434C3E0E1}.Debug|Any CPU.Build.0 = Debug|Any CPU
		{834C7DDD-0E59-43E0-A540-409434C3E0E1}.Debug|Mixed Platforms.ActiveCfg = Debug|Any CPU
		{834C7DDD-0E59-43E0-A540-409434C3E0E1}.Debug|Mixed Platforms.Build.0 = Debug|Any CPU
		{834C7DDD-0E59-43E0-A540-409434C3E0E1}.Debug|Win32.ActiveCfg = Debug|Any CPU
		{834C7DDD-0E59-43E0-A540-409434C3E0E1}.Debug|x86.ActiveCfg = Debug|Any CPU
		{834C7DDD-0E59-43E0-A540-409434C3E0E1}.Release|Any CPU.ActiveCfg = Release|Any CPU
		{834C7DDD-0E59-43E0-A540-409434C3E0E1}.Release|Any CPU.Build.0 = Release|Any CPU
		{834C7DDD-0E59-43E0-A540-409434C3E0E1}.Release|Mixed Platforms.ActiveCfg = Release|Any CPU
		{834C7DDD-0E59-43E0-A540-409434C3E0E1}.Release|Mixed Platforms.Build.0 = Release|Any CPU
		{834C7DDD-0E59-43E0-A540-409434C3E0E1}.Release|Win32.ActiveCfg = Release|Any CPU
		{834C7DDD-0E59-43E0-A540-409434C3E0E1}.Release|x86.ActiveCfg = Release|Any CPU
		{6AA425C9-EA6A-4B01-AAED-5FF122E8B663}.Debug|Any CPU.ActiveCfg = Debug|Any CPU
		{6AA425C9-EA6A-4B01-AAED-5FF122E8B663}.Debug|Any CPU.Build.0 = Debug|Any CPU
		{6AA425C9-EA6A-4B01-AAED-5FF122E8B663}.Debug|Mixed Platforms.ActiveCfg = Debug|Any CPU
		{6AA425C9-EA6A-4B01-AAED-5FF122E8B663}.Debug|Mixed Platforms.Build.0 = Debug|Any CPU
		{6AA425C9-EA6A-4B01-AAED-5FF122E8B663}.Debug|Win32.ActiveCfg = Debug|Any CPU
		{6AA425C9-EA6A-4B01-AAED-5FF122E8B663}.Debug|x86.ActiveCfg = Debug|Any CPU
		{6AA425C9-EA6A-4B01-AAED-5FF122E8B663}.Release|Any CPU.ActiveCfg = Release|Any CPU
		{6AA425C9-EA6A-4B01-AAED-5FF122E8B663}.Release|Any CPU.Build.0 = Release|Any CPU
		{6AA425C9-EA6A-4B01-AAED-5FF122E8B663}.Release|Mixed Platforms.ActiveCfg = Release|Any CPU
		{6AA425C9-EA6A-4B01-AAED-5FF122E8B663}.Release|Mixed Platforms.Build.0 = Release|Any CPU
		{6AA425C9-EA6A-4B01-AAED-5FF122E8B663}.Release|Win32.ActiveCfg = Release|Any CPU
		{6AA425C9-EA6A-4B01-AAED-5FF122E8B663}.Release|x86.ActiveCfg = Release|Any CPU
		{F35283D1-8CFE-499A-A2F0-833F7D71775D}.Debug|Any CPU.ActiveCfg = Debug|Any CPU
		{F35283D1-8CFE-499A-A2F0-833F7D71775D}.Debug|Any CPU.Build.0 = Debug|Any CPU
		{F35283D1-8CFE-499A-A2F0-833F7D71775D}.Debug|Mixed Platforms.ActiveCfg = Debug|Any CPU
		{F35283D1-8CFE-499A-A2F0-833F7D71775D}.Debug|Mixed Platforms.Build.0 = Debug|Any CPU
		{F35283D1-8CFE-499A-A2F0-833F7D71775D}.Debug|Win32.ActiveCfg = Debug|Any CPU
		{F35283D1-8CFE-499A-A2F0-833F7D71775D}.Debug|x86.ActiveCfg = Debug|Any CPU
		{F35283D1-8CFE-499A-A2F0-833F7D71775D}.Release|Any CPU.ActiveCfg = Release|Any CPU
		{F35283D1-8CFE-499A-A2F0-833F7D71775D}.Release|Any CPU.Build.0 = Release|Any CPU
		{F35283D1-8CFE-499A-A2F0-833F7D71775D}.Release|Mixed Platforms.ActiveCfg = Release|Any CPU
		{F35283D1-8CFE-499A-A2F0-833F7D71775D}.Release|Mixed Platforms.Build.0 = Release|Any CPU
		{F35283D1-8CFE-499A-A2F0-833F7D71775D}.Release|Win32.ActiveCfg = Release|Any CPU
		{F35283D1-8CFE-499A-A2F0-833F7D71775D}.Release|x86.ActiveCfg = Release|Any CPU
		{088F6E48-A1E6-4666-A4C8-22277D66175A}.Debug|Any CPU.ActiveCfg = Debug|Any CPU
		{088F6E48-A1E6-4666-A4C8-22277D66175A}.Debug|Any CPU.Build.0 = Debug|Any CPU
		{088F6E48-A1E6-4666-A4C8-22277D66175A}.Debug|Mixed Platforms.ActiveCfg = Debug|Any CPU
		{088F6E48-A1E6-4666-A4C8-22277D66175A}.Debug|Mixed Platforms.Build.0 = Debug|Any CPU
		{088F6E48-A1E6-4666-A4C8-22277D66175A}.Debug|Win32.ActiveCfg = Debug|Any CPU
		{088F6E48-A1E6-4666-A4C8-22277D66175A}.Debug|x86.ActiveCfg = Debug|Any CPU
		{088F6E48-A1E6-4666-A4C8-22277D66175A}.Release|Any CPU.ActiveCfg = Release|Any CPU
		{088F6E48-A1E6-4666-A4C8-22277D66175A}.Release|Any CPU.Build.0 = Release|Any CPU
		{088F6E48-A1E6-4666-A4C8-22277D66175A}.Release|Mixed Platforms.ActiveCfg = Release|Any CPU
		{088F6E48-A1E6-4666-A4C8-22277D66175A}.Release|Mixed Platforms.Build.0 = Release|Any CPU
		{088F6E48-A1E6-4666-A4C8-22277D66175A}.Release|Win32.ActiveCfg = Release|Any CPU
		{088F6E48-A1E6-4666-A4C8-22277D66175A}.Release|x86.ActiveCfg = Release|Any CPU
		{274FCAF3-08C2-48C1-87F2-88E6BA20AF42}.Debug|Any CPU.ActiveCfg = Debug|Any CPU
		{274FCAF3-08C2-48C1-87F2-88E6BA20AF42}.Debug|Any CPU.Build.0 = Debug|Any CPU
		{274FCAF3-08C2-48C1-87F2-88E6BA20AF42}.Debug|Mixed Platforms.ActiveCfg = Debug|Any CPU
		{274FCAF3-08C2-48C1-87F2-88E6BA20AF42}.Debug|Mixed Platforms.Build.0 = Debug|Any CPU
		{274FCAF3-08C2-48C1-87F2-88E6BA20AF42}.Debug|Win32.ActiveCfg = Debug|Any CPU
		{274FCAF3-08C2-48C1-87F2-88E6BA20AF42}.Debug|x86.ActiveCfg = Debug|Any CPU
		{274FCAF3-08C2-48C1-87F2-88E6BA20AF42}.Release|Any CPU.ActiveCfg = Release|Any CPU
		{274FCAF3-08C2-48C1-87F2-88E6BA20AF42}.Release|Any CPU.Build.0 = Release|Any CPU
		{274FCAF3-08C2-48C1-87F2-88E6BA20AF42}.Release|Mixed Platforms.ActiveCfg = Release|Any CPU
		{274FCAF3-08C2-48C1-87F2-88E6BA20AF42}.Release|Mixed Platforms.Build.0 = Release|Any CPU
		{274FCAF3-08C2-48C1-87F2-88E6BA20AF42}.Release|Win32.ActiveCfg = Release|Any CPU
		{274FCAF3-08C2-48C1-87F2-88E6BA20AF42}.Release|x86.ActiveCfg = Release|Any CPU
		{9146475A-3A1D-48A8-B080-AD87FC169011}.Debug|Any CPU.ActiveCfg = Debug|Any CPU
		{9146475A-3A1D-48A8-B080-AD87FC169011}.Debug|Any CPU.Build.0 = Debug|Any CPU
		{9146475A-3A1D-48A8-B080-AD87FC169011}.Debug|Mixed Platforms.ActiveCfg = Debug|Any CPU
		{9146475A-3A1D-48A8-B080-AD87FC169011}.Debug|Mixed Platforms.Build.0 = Debug|Any CPU
		{9146475A-3A1D-48A8-B080-AD87FC169011}.Debug|Win32.ActiveCfg = Debug|Any CPU
		{9146475A-3A1D-48A8-B080-AD87FC169011}.Debug|x86.ActiveCfg = Debug|Any CPU
		{9146475A-3A1D-48A8-B080-AD87FC169011}.Release|Any CPU.ActiveCfg = Release|Any CPU
		{9146475A-3A1D-48A8-B080-AD87FC169011}.Release|Any CPU.Build.0 = Release|Any CPU
		{9146475A-3A1D-48A8-B080-AD87FC169011}.Release|Mixed Platforms.ActiveCfg = Release|Any CPU
		{9146475A-3A1D-48A8-B080-AD87FC169011}.Release|Mixed Platforms.Build.0 = Release|Any CPU
		{9146475A-3A1D-48A8-B080-AD87FC169011}.Release|Win32.ActiveCfg = Release|Any CPU
		{9146475A-3A1D-48A8-B080-AD87FC169011}.Release|x86.ActiveCfg = Release|Any CPU
		{EA31F646-F757-4436-B3D2-D54AE82DB920}.Debug|Any CPU.ActiveCfg = Debug|x86
		{EA31F646-F757-4436-B3D2-D54AE82DB920}.Debug|Mixed Platforms.ActiveCfg = Debug|x86
		{EA31F646-F757-4436-B3D2-D54AE82DB920}.Debug|Mixed Platforms.Build.0 = Debug|x86
		{EA31F646-F757-4436-B3D2-D54AE82DB920}.Debug|Win32.ActiveCfg = Debug|x86
		{EA31F646-F757-4436-B3D2-D54AE82DB920}.Debug|Win32.Build.0 = Debug|x86
		{EA31F646-F757-4436-B3D2-D54AE82DB920}.Debug|x86.ActiveCfg = Debug|x86
		{EA31F646-F757-4436-B3D2-D54AE82DB920}.Debug|x86.Build.0 = Debug|x86
		{EA31F646-F757-4436-B3D2-D54AE82DB920}.Release|Any CPU.ActiveCfg = Release|x86
		{EA31F646-F757-4436-B3D2-D54AE82DB920}.Release|Mixed Platforms.ActiveCfg = Release|x86
		{EA31F646-F757-4436-B3D2-D54AE82DB920}.Release|Mixed Platforms.Build.0 = Release|x86
		{EA31F646-F757-4436-B3D2-D54AE82DB920}.Release|Win32.ActiveCfg = Release|x86
		{EA31F646-F757-4436-B3D2-D54AE82DB920}.Release|Win32.Build.0 = Release|x86
		{EA31F646-F757-4436-B3D2-D54AE82DB920}.Release|x86.ActiveCfg = Release|x86
		{EA31F646-F757-4436-B3D2-D54AE82DB920}.Release|x86.Build.0 = Release|x86
		{C0A19260-2CE0-4253-80CB-8579BCFDDED3}.Debug|Any CPU.ActiveCfg = Debug|Any CPU
		{C0A19260-2CE0-4253-80CB-8579BCFDDED3}.Debug|Any CPU.Build.0 = Debug|Any CPU
		{C0A19260-2CE0-4253-80CB-8579BCFDDED3}.Debug|Mixed Platforms.ActiveCfg = Debug|Any CPU
		{C0A19260-2CE0-4253-80CB-8579BCFDDED3}.Debug|Mixed Platforms.Build.0 = Debug|Any CPU
		{C0A19260-2CE0-4253-80CB-8579BCFDDED3}.Debug|Win32.ActiveCfg = Debug|Any CPU
		{C0A19260-2CE0-4253-80CB-8579BCFDDED3}.Debug|x86.ActiveCfg = Debug|Any CPU
		{C0A19260-2CE0-4253-80CB-8579BCFDDED3}.Release|Any CPU.ActiveCfg = Release|Any CPU
		{C0A19260-2CE0-4253-80CB-8579BCFDDED3}.Release|Any CPU.Build.0 = Release|Any CPU
		{C0A19260-2CE0-4253-80CB-8579BCFDDED3}.Release|Mixed Platforms.ActiveCfg = Release|Any CPU
		{C0A19260-2CE0-4253-80CB-8579BCFDDED3}.Release|Mixed Platforms.Build.0 = Release|Any CPU
		{C0A19260-2CE0-4253-80CB-8579BCFDDED3}.Release|Win32.ActiveCfg = Release|Any CPU
		{C0A19260-2CE0-4253-80CB-8579BCFDDED3}.Release|x86.ActiveCfg = Release|Any CPU
		{03006024-1074-4541-8470-FC5649D91805}.Debug|Any CPU.ActiveCfg = Debug|Any CPU
		{03006024-1074-4541-8470-FC5649D91805}.Debug|Any CPU.Build.0 = Debug|Any CPU
		{03006024-1074-4541-8470-FC5649D91805}.Debug|Mixed Platforms.ActiveCfg = Debug|Any CPU
		{03006024-1074-4541-8470-FC5649D91805}.Debug|Mixed Platforms.Build.0 = Debug|Any CPU
		{03006024-1074-4541-8470-FC5649D91805}.Debug|Win32.ActiveCfg = Debug|Any CPU
		{03006024-1074-4541-8470-FC5649D91805}.Debug|x86.ActiveCfg = Debug|Any CPU
		{03006024-1074-4541-8470-FC5649D91805}.Release|Any CPU.ActiveCfg = Release|Any CPU
		{03006024-1074-4541-8470-FC5649D91805}.Release|Any CPU.Build.0 = Release|Any CPU
		{03006024-1074-4541-8470-FC5649D91805}.Release|Mixed Platforms.ActiveCfg = Release|Any CPU
		{03006024-1074-4541-8470-FC5649D91805}.Release|Mixed Platforms.Build.0 = Release|Any CPU
		{03006024-1074-4541-8470-FC5649D91805}.Release|Win32.ActiveCfg = Release|Any CPU
		{03006024-1074-4541-8470-FC5649D91805}.Release|x86.ActiveCfg = Release|Any CPU
		{EAE23909-C873-454F-81FE-01E725F58C90}.Debug|Any CPU.ActiveCfg = Debug|Any CPU
		{EAE23909-C873-454F-81FE-01E725F58C90}.Debug|Any CPU.Build.0 = Debug|Any CPU
		{EAE23909-C873-454F-81FE-01E725F58C90}.Debug|Mixed Platforms.ActiveCfg = Debug|Any CPU
		{EAE23909-C873-454F-81FE-01E725F58C90}.Debug|Mixed Platforms.Build.0 = Debug|Any CPU
		{EAE23909-C873-454F-81FE-01E725F58C90}.Debug|Win32.ActiveCfg = Debug|Any CPU
		{EAE23909-C873-454F-81FE-01E725F58C90}.Debug|x86.ActiveCfg = Debug|Any CPU
		{EAE23909-C873-454F-81FE-01E725F58C90}.Release|Any CPU.ActiveCfg = Release|Any CPU
		{EAE23909-C873-454F-81FE-01E725F58C90}.Release|Any CPU.Build.0 = Release|Any CPU
		{EAE23909-C873-454F-81FE-01E725F58C90}.Release|Mixed Platforms.ActiveCfg = Release|Any CPU
		{EAE23909-C873-454F-81FE-01E725F58C90}.Release|Mixed Platforms.Build.0 = Release|Any CPU
		{EAE23909-C873-454F-81FE-01E725F58C90}.Release|Win32.ActiveCfg = Release|Any CPU
		{EAE23909-C873-454F-81FE-01E725F58C90}.Release|x86.ActiveCfg = Release|Any CPU
		{E5EB3E1E-78C4-4740-997E-BDD3BBEEBE8C}.Debug|Any CPU.ActiveCfg = Debug|Any CPU
		{E5EB3E1E-78C4-4740-997E-BDD3BBEEBE8C}.Debug|Any CPU.Build.0 = Debug|Any CPU
		{E5EB3E1E-78C4-4740-997E-BDD3BBEEBE8C}.Debug|Mixed Platforms.ActiveCfg = Debug|Any CPU
		{E5EB3E1E-78C4-4740-997E-BDD3BBEEBE8C}.Debug|Mixed Platforms.Build.0 = Debug|Any CPU
		{E5EB3E1E-78C4-4740-997E-BDD3BBEEBE8C}.Debug|Win32.ActiveCfg = Debug|Any CPU
		{E5EB3E1E-78C4-4740-997E-BDD3BBEEBE8C}.Debug|x86.ActiveCfg = Debug|Any CPU
		{E5EB3E1E-78C4-4740-997E-BDD3BBEEBE8C}.Release|Any CPU.ActiveCfg = Release|Any CPU
		{E5EB3E1E-78C4-4740-997E-BDD3BBEEBE8C}.Release|Any CPU.Build.0 = Release|Any CPU
		{E5EB3E1E-78C4-4740-997E-BDD3BBEEBE8C}.Release|Mixed Platforms.ActiveCfg = Release|Any CPU
		{E5EB3E1E-78C4-4740-997E-BDD3BBEEBE8C}.Release|Mixed Platforms.Build.0 = Release|Any CPU
		{E5EB3E1E-78C4-4740-997E-BDD3BBEEBE8C}.Release|Win32.ActiveCfg = Release|Any CPU
		{E5EB3E1E-78C4-4740-997E-BDD3BBEEBE8C}.Release|x86.ActiveCfg = Release|Any CPU
		{45B8F3C0-F74A-4E7C-BAA2-9571CE137A4C}.Debug|Any CPU.ActiveCfg = Debug|Any CPU
		{45B8F3C0-F74A-4E7C-BAA2-9571CE137A4C}.Debug|Any CPU.Build.0 = Debug|Any CPU
		{45B8F3C0-F74A-4E7C-BAA2-9571CE137A4C}.Debug|Mixed Platforms.ActiveCfg = Debug|Any CPU
		{45B8F3C0-F74A-4E7C-BAA2-9571CE137A4C}.Debug|Mixed Platforms.Build.0 = Debug|Any CPU
		{45B8F3C0-F74A-4E7C-BAA2-9571CE137A4C}.Debug|Win32.ActiveCfg = Debug|Any CPU
		{45B8F3C0-F74A-4E7C-BAA2-9571CE137A4C}.Debug|x86.ActiveCfg = Debug|Any CPU
		{45B8F3C0-F74A-4E7C-BAA2-9571CE137A4C}.Release|Any CPU.ActiveCfg = Release|Any CPU
		{45B8F3C0-F74A-4E7C-BAA2-9571CE137A4C}.Release|Any CPU.Build.0 = Release|Any CPU
		{45B8F3C0-F74A-4E7C-BAA2-9571CE137A4C}.Release|Mixed Platforms.ActiveCfg = Release|Any CPU
		{45B8F3C0-F74A-4E7C-BAA2-9571CE137A4C}.Release|Mixed Platforms.Build.0 = Release|Any CPU
		{45B8F3C0-F74A-4E7C-BAA2-9571CE137A4C}.Release|Win32.ActiveCfg = Release|Any CPU
		{45B8F3C0-F74A-4E7C-BAA2-9571CE137A4C}.Release|x86.ActiveCfg = Release|Any CPU
		{1D3163E6-DC65-4595-9D51-4FD9174F2F61}.Debug|Any CPU.ActiveCfg = Debug|Any CPU
		{1D3163E6-DC65-4595-9D51-4FD9174F2F61}.Debug|Any CPU.Build.0 = Debug|Any CPU
		{1D3163E6-DC65-4595-9D51-4FD9174F2F61}.Debug|Mixed Platforms.ActiveCfg = Debug|Any CPU
		{1D3163E6-DC65-4595-9D51-4FD9174F2F61}.Debug|Mixed Platforms.Build.0 = Debug|Any CPU
		{1D3163E6-DC65-4595-9D51-4FD9174F2F61}.Debug|Win32.ActiveCfg = Debug|Any CPU
		{1D3163E6-DC65-4595-9D51-4FD9174F2F61}.Debug|x86.ActiveCfg = Debug|Any CPU
		{1D3163E6-DC65-4595-9D51-4FD9174F2F61}.Release|Any CPU.ActiveCfg = Release|Any CPU
		{1D3163E6-DC65-4595-9D51-4FD9174F2F61}.Release|Any CPU.Build.0 = Release|Any CPU
		{1D3163E6-DC65-4595-9D51-4FD9174F2F61}.Release|Mixed Platforms.ActiveCfg = Release|Any CPU
		{1D3163E6-DC65-4595-9D51-4FD9174F2F61}.Release|Mixed Platforms.Build.0 = Release|Any CPU
		{1D3163E6-DC65-4595-9D51-4FD9174F2F61}.Release|Win32.ActiveCfg = Release|Any CPU
		{1D3163E6-DC65-4595-9D51-4FD9174F2F61}.Release|x86.ActiveCfg = Release|Any CPU
		{8AAA2C1E-5681-43D4-8758-5666AC32772C}.Debug|Any CPU.ActiveCfg = Debug|Any CPU
		{8AAA2C1E-5681-43D4-8758-5666AC32772C}.Debug|Any CPU.Build.0 = Debug|Any CPU
		{8AAA2C1E-5681-43D4-8758-5666AC32772C}.Debug|Mixed Platforms.ActiveCfg = Debug|Any CPU
		{8AAA2C1E-5681-43D4-8758-5666AC32772C}.Debug|Mixed Platforms.Build.0 = Debug|Any CPU
		{8AAA2C1E-5681-43D4-8758-5666AC32772C}.Debug|Win32.ActiveCfg = Debug|Any CPU
		{8AAA2C1E-5681-43D4-8758-5666AC32772C}.Debug|x86.ActiveCfg = Debug|Any CPU
		{8AAA2C1E-5681-43D4-8758-5666AC32772C}.Release|Any CPU.ActiveCfg = Release|Any CPU
		{8AAA2C1E-5681-43D4-8758-5666AC32772C}.Release|Any CPU.Build.0 = Release|Any CPU
		{8AAA2C1E-5681-43D4-8758-5666AC32772C}.Release|Mixed Platforms.ActiveCfg = Release|Any CPU
		{8AAA2C1E-5681-43D4-8758-5666AC32772C}.Release|Mixed Platforms.Build.0 = Release|Any CPU
		{8AAA2C1E-5681-43D4-8758-5666AC32772C}.Release|Win32.ActiveCfg = Release|Any CPU
		{8AAA2C1E-5681-43D4-8758-5666AC32772C}.Release|x86.ActiveCfg = Release|Any CPU
		{3C058EA7-22FA-461F-A0EC-BBD0FC941B30}.Debug|Any CPU.ActiveCfg = Debug|Any CPU
		{3C058EA7-22FA-461F-A0EC-BBD0FC941B30}.Debug|Any CPU.Build.0 = Debug|Any CPU
		{3C058EA7-22FA-461F-A0EC-BBD0FC941B30}.Debug|Mixed Platforms.ActiveCfg = Debug|Any CPU
		{3C058EA7-22FA-461F-A0EC-BBD0FC941B30}.Debug|Mixed Platforms.Build.0 = Debug|Any CPU
		{3C058EA7-22FA-461F-A0EC-BBD0FC941B30}.Debug|Win32.ActiveCfg = Debug|Any CPU
		{3C058EA7-22FA-461F-A0EC-BBD0FC941B30}.Debug|x86.ActiveCfg = Debug|Any CPU
		{3C058EA7-22FA-461F-A0EC-BBD0FC941B30}.Release|Any CPU.ActiveCfg = Release|Any CPU
		{3C058EA7-22FA-461F-A0EC-BBD0FC941B30}.Release|Any CPU.Build.0 = Release|Any CPU
		{3C058EA7-22FA-461F-A0EC-BBD0FC941B30}.Release|Mixed Platforms.ActiveCfg = Release|Any CPU
		{3C058EA7-22FA-461F-A0EC-BBD0FC941B30}.Release|Mixed Platforms.Build.0 = Release|Any CPU
		{3C058EA7-22FA-461F-A0EC-BBD0FC941B30}.Release|Win32.ActiveCfg = Release|Any CPU
		{3C058EA7-22FA-461F-A0EC-BBD0FC941B30}.Release|x86.ActiveCfg = Release|Any CPU
		{A3CF5C83-93FC-4AB8-B73E-3627478433EF}.Debug|Any CPU.ActiveCfg = Debug|Any CPU
		{A3CF5C83-93FC-4AB8-B73E-3627478433EF}.Debug|Any CPU.Build.0 = Debug|Any CPU
		{A3CF5C83-93FC-4AB8-B73E-3627478433EF}.Debug|Mixed Platforms.ActiveCfg = Debug|Any CPU
		{A3CF5C83-93FC-4AB8-B73E-3627478433EF}.Debug|Mixed Platforms.Build.0 = Debug|Any CPU
		{A3CF5C83-93FC-4AB8-B73E-3627478433EF}.Debug|Win32.ActiveCfg = Debug|Any CPU
		{A3CF5C83-93FC-4AB8-B73E-3627478433EF}.Debug|x86.ActiveCfg = Debug|Any CPU
		{A3CF5C83-93FC-4AB8-B73E-3627478433EF}.Release|Any CPU.ActiveCfg = Release|Any CPU
		{A3CF5C83-93FC-4AB8-B73E-3627478433EF}.Release|Any CPU.Build.0 = Release|Any CPU
		{A3CF5C83-93FC-4AB8-B73E-3627478433EF}.Release|Mixed Platforms.ActiveCfg = Release|Any CPU
		{A3CF5C83-93FC-4AB8-B73E-3627478433EF}.Release|Mixed Platforms.Build.0 = Release|Any CPU
		{A3CF5C83-93FC-4AB8-B73E-3627478433EF}.Release|Win32.ActiveCfg = Release|Any CPU
		{A3CF5C83-93FC-4AB8-B73E-3627478433EF}.Release|x86.ActiveCfg = Release|Any CPU
		{1E2AEB19-3715-4069-A129-50277726D449}.Debug|Any CPU.ActiveCfg = Debug|x86
		{1E2AEB19-3715-4069-A129-50277726D449}.Debug|Mixed Platforms.ActiveCfg = Debug|x86
		{1E2AEB19-3715-4069-A129-50277726D449}.Debug|Mixed Platforms.Build.0 = Debug|x86
		{1E2AEB19-3715-4069-A129-50277726D449}.Debug|Win32.ActiveCfg = Debug|x86
		{1E2AEB19-3715-4069-A129-50277726D449}.Debug|Win32.Build.0 = Debug|x86
		{1E2AEB19-3715-4069-A129-50277726D449}.Debug|x86.ActiveCfg = Debug|x86
		{1E2AEB19-3715-4069-A129-50277726D449}.Debug|x86.Build.0 = Debug|x86
		{1E2AEB19-3715-4069-A129-50277726D449}.Release|Any CPU.ActiveCfg = Release|x86
		{1E2AEB19-3715-4069-A129-50277726D449}.Release|Mixed Platforms.ActiveCfg = Release|x86
		{1E2AEB19-3715-4069-A129-50277726D449}.Release|Mixed Platforms.Build.0 = Release|x86
		{1E2AEB19-3715-4069-A129-50277726D449}.Release|Win32.ActiveCfg = Release|x86
		{1E2AEB19-3715-4069-A129-50277726D449}.Release|Win32.Build.0 = Release|x86
		{1E2AEB19-3715-4069-A129-50277726D449}.Release|x86.ActiveCfg = Release|x86
		{1E2AEB19-3715-4069-A129-50277726D449}.Release|x86.Build.0 = Release|x86
		{2437BDA8-751B-42DF-8418-E149CD53B305}.Debug|Any CPU.ActiveCfg = Debug|Any CPU
		{2437BDA8-751B-42DF-8418-E149CD53B305}.Debug|Any CPU.Build.0 = Debug|Any CPU
		{2437BDA8-751B-42DF-8418-E149CD53B305}.Debug|Mixed Platforms.ActiveCfg = Debug|Any CPU
		{2437BDA8-751B-42DF-8418-E149CD53B305}.Debug|Mixed Platforms.Build.0 = Debug|Any CPU
		{2437BDA8-751B-42DF-8418-E149CD53B305}.Debug|Win32.ActiveCfg = Debug|Any CPU
		{2437BDA8-751B-42DF-8418-E149CD53B305}.Debug|x86.ActiveCfg = Debug|Any CPU
		{2437BDA8-751B-42DF-8418-E149CD53B305}.Release|Any CPU.ActiveCfg = Release|Any CPU
		{2437BDA8-751B-42DF-8418-E149CD53B305}.Release|Any CPU.Build.0 = Release|Any CPU
		{2437BDA8-751B-42DF-8418-E149CD53B305}.Release|Mixed Platforms.ActiveCfg = Release|Any CPU
		{2437BDA8-751B-42DF-8418-E149CD53B305}.Release|Mixed Platforms.Build.0 = Release|Any CPU
		{2437BDA8-751B-42DF-8418-E149CD53B305}.Release|Win32.ActiveCfg = Release|Any CPU
		{2437BDA8-751B-42DF-8418-E149CD53B305}.Release|x86.ActiveCfg = Release|Any CPU
	EndGlobalSection
	GlobalSection(SolutionProperties) = preSolution
		HideSolutionNode = FALSE
	EndGlobalSection
EndGlobal
