<?xml version="1.0" encoding="utf-8"?>
<Project ToolsVersion="4.0" xmlns="http://schemas.microsoft.com/developer/msbuild/2003">
  <ItemGroup>
    <ClCompile Include="..\..\ardrone\multiwii_2_3_ardrone\Alarms.cpp" />
    <ClCompile Include="..\..\ardrone\multiwii_2_3_ardrone\Arduino.cpp" />
    <ClCompile Include="..\..\ardrone\multiwii_2_3_ardrone\IMU.cpp" />
    <ClCompile Include="..\..\ardrone\multiwii_2_3_ardrone\MultiWii.cpp" />
    <ClCompile Include="..\..\ardrone\multiwii_2_3_ardrone\Output.cpp" />
    <ClCompile Include="..\..\ardrone\multiwii_2_3_ardrone\Protocol.cpp" />
    <ClCompile Include="..\..\ardrone\multiwii_2_3_ardrone\RX.cpp" />
    <ClCompile Include="..\..\ardrone\multiwii_2_3_ardrone\Sensors.cpp" />
    <ClCompile Include="..\..\ardrone\multiwii_2_3_ardrone\Serial.cpp" />
  </ItemGroup>
  <ItemGroup>
    <ClInclude Include="..\..\ardrone\multiwii_2_3_ardrone\Alarms.h" />
    <ClInclude Include="..\..\ardrone\multiwii_2_3_ardrone\Arduino.h" />
    <ClInclude Include="..\..\ardrone\multiwii_2_3_ardrone\config.h" />
    <ClInclude Include="..\..\ardrone\multiwii_2_3_ardrone\def.h" />
    <ClInclude Include="..\..\ardrone\multiwii_2_3_ardrone\IMU.h" />
    <ClInclude Include="..\..\ardrone\multiwii_2_3_ardrone\MultiWii.h" />
    <ClInclude Include="..\..\ardrone\multiwii_2_3_ardrone\Output.h" />
    <ClInclude Include="..\..\ardrone\multiwii_2_3_ardrone\Protocol.h" />
    <ClInclude Include="..\..\ardrone\multiwii_2_3_ardrone\RX.h" />
    <ClInclude Include="..\..\ardrone\multiwii_2_3_ardrone\Sensors.h" />
    <ClInclude Include="..\..\ardrone\multiwii_2_3_ardrone\Serial.h" />
    <ClInclude Include="..\..\ardrone\multiwii_2_3_ardrone\types.h" />
  </ItemGroup>
</Project>