
Microsoft Visual Studio Solution File, Format Version 12.00
# Visual Studio 2013
VisualStudioVersion = 12.0.21005.1
MinimumVisualStudioVersion = 10.0.40219.1
Project("{FAE04EC0-301F-11D3-BF4B-00C04F79EFBC}") = "OpenFlight", "OpenFlight\OpenFlight.csproj", "{3FB0AAFF-509E-4AFB-B99A-3C65EA2793BB}"
EndProject
Project("{FAE04EC0-301F-11D3-BF4B-00C04F79EFBC}") = "OpenFlightGamepad", "OpenFlightGamepad\OpenFlightGamepad.csproj", "{834C7DDD-0E59-43E0-A540-409434C3E0E1}"
	ProjectSection(ProjectDependencies) = postProject
		{952700CD-A384-43A4-AC4B-52256F83836E} = {952700CD-A384-43A4-AC4B-52256F83836E}
	EndProjectSection
EndProject
Project("{8BC9CEB8-8B4A-11D0-8D11-00A0C91BC942}") = "XInputInterface", "XInputInterface\XInputInterface.vcxproj", "{1967D61A-FB64-463C-BB3C-BB6E90FBC76F}"
EndProject
Project("{FAE04EC0-301F-11D3-BF4B-00C04F79EFBC}") = "XInputDotNetPure", "XInputDotNetPure\XInputDotNetPure.csproj", "{952700CD-A384-43A4-AC4B-52256F83836E}"
	ProjectSection(ProjectDependencies) = postProject
		{1967D61A-FB64-463C-BB3C-BB6E90FBC76F} = {1967D61A-FB64-463C-BB3C-BB6E90FBC76F}
	EndProjectSection
EndProject
Global
	GlobalSection(SolutionConfigurationPlatforms) = preSolution
		Debug|Any CPU = Debug|Any CPU
		Debug|Mixed Platforms = Debug|Mixed Platforms
		Debug|Win32 = Debug|Win32
		Debug|x86 = Debug|x86
		Release|Any CPU = Release|Any CPU
		Release|Mixed Platforms = Release|Mixed Platforms
		Release|Win32 = Release|Win32
		Release|x86 = Release|x86
	EndGlobalSection
	GlobalSection(ProjectConfigurationPlatforms) = postSolution
		{3FB0AAFF-509E-4AFB-B99A-3C65EA2793BB}.Debug|Any CPU.ActiveCfg = Debug|Any CPU
		{3FB0AAFF-509E-4AFB-B99A-3C65EA2793BB}.Debug|Any CPU.Build.0 = Debug|Any CPU
		{3FB0AAFF-509E-4AFB-B99A-3C65EA2793BB}.Debug|Mixed Platforms.ActiveCfg = Debug|Any CPU
		{3FB0AAFF-509E-4AFB-B99A-3C65EA2793BB}.Debug|Mixed Platforms.Build.0 = Debug|Any CPU
		{3FB0AAFF-509E-4AFB-B99A-3C65EA2793BB}.Debug|Win32.ActiveCfg = Debug|Any CPU
		{3FB0AAFF-509E-4AFB-B99A-3C65EA2793BB}.Debug|x86.ActiveCfg = Debug|Any CPU
		{3FB0AAFF-509E-4AFB-B99A-3C65EA2793BB}.Release|Any CPU.ActiveCfg = Release|Any CPU
		{3FB0AAFF-509E-4AFB-B99A-3C65EA2793BB}.Release|Any CPU.Build.0 = Release|Any CPU
		{3FB0AAFF-509E-4AFB-B99A-3C65EA2793BB}.Release|Mixed Platforms.ActiveCfg = Release|Any CPU
		{3FB0AAFF-509E-4AFB-B99A-3C65EA2793BB}.Release|Mixed Platforms.Build.0 = Release|Any CPU
		{3FB0AAFF-509E-4AFB-B99A-3C65EA2793BB}.Release|Win32.ActiveCfg = Release|Any CPU
		{3FB0AAFF-509E-4AFB-B99A-3C65EA2793BB}.Release|x86.ActiveCfg = Release|Any CPU
		{834C7DDD-0E59-43E0-A540-409434C3E0E1}.Debug|Any CPU.ActiveCfg = Debug|Any CPU
		{834C7DDD-0E59-43E0-A540-409434C3E0E1}.Debug|Any CPU.Build.0 = Debug|Any CPU
		{834C7DDD-0E59-43E0-A540-409434C3E0E1}.Debug|Mixed Platforms.ActiveCfg = Debug|Any CPU
		{834C7DDD-0E59-43E0-A540-409434C3E0E1}.Debug|Mixed Platforms.Build.0 = Debug|Any CPU
		{834C7DDD-0E59-43E0-A540-409434C3E0E1}.Debug|Win32.ActiveCfg = Debug|Any CPU
		{834C7DDD-0E59-43E0-A540-409434C3E0E1}.Debug|x86.ActiveCfg = Debug|Any CPU
		{834C7DDD-0E59-43E0-A540-409434C3E0E1}.Release|Any CPU.ActiveCfg = Release|Any CPU
		{834C7DDD-0E59-43E0-A540-409434C3E0E1}.Release|Any CPU.Build.0 = Release|Any CPU
		{834C7DDD-0E59-43E0-A540-409434C3E0E1}.Release|Mixed Platforms.ActiveCfg = Release|Any CPU
		{834C7DDD-0E59-43E0-A540-409434C3E0E1}.Release|Mixed Platforms.Build.0 = Release|Any CPU
		{834C7DDD-0E59-43E0-A540-409434C3E0E1}.Release|Win32.ActiveCfg = Release|Any CPU
		{834C7DDD-0E59-43E0-A540-409434C3E0E1}.Release|x86.ActiveCfg = Release|Any CPU
		{1967D61A-FB64-463C-BB3C-BB6E90FBC76F}.Debug|Any CPU.ActiveCfg = Debug|Win32
		{1967D61A-FB64-463C-BB3C-BB6E90FBC76F}.Debug|Mixed Platforms.ActiveCfg = Debug|Win32
		{1967D61A-FB64-463C-BB3C-BB6E90FBC76F}.Debug|Mixed Platforms.Build.0 = Debug|Win32
		{1967D61A-FB64-463C-BB3C-BB6E90FBC76F}.Debug|Win32.ActiveCfg = Debug|Win32
		{1967D61A-FB64-463C-BB3C-BB6E90FBC76F}.Debug|Win32.Build.0 = Debug|Win32
		{1967D61A-FB64-463C-BB3C-BB6E90FBC76F}.Debug|x86.ActiveCfg = Debug|Win32
		{1967D61A-FB64-463C-BB3C-BB6E90FBC76F}.Debug|x86.Build.0 = Debug|Win32
		{1967D61A-FB64-463C-BB3C-BB6E90FBC76F}.Release|Any CPU.ActiveCfg = Release|Win32
		{1967D61A-FB64-463C-BB3C-BB6E90FBC76F}.Release|Mixed Platforms.ActiveCfg = Release|Win32
		{1967D61A-FB64-463C-BB3C-BB6E90FBC76F}.Release|Mixed Platforms.Build.0 = Release|Win32
		{1967D61A-FB64-463C-BB3C-BB6E90FBC76F}.Release|Win32.ActiveCfg = Release|Win32
		{1967D61A-FB64-463C-BB3C-BB6E90FBC76F}.Release|Win32.Build.0 = Release|Win32
		{1967D61A-FB64-463C-BB3C-BB6E90FBC76F}.Release|x86.ActiveCfg = Release|Win32
		{1967D61A-FB64-463C-BB3C-BB6E90FBC76F}.Release|x86.Build.0 = Release|Win32
		{952700CD-A384-43A4-AC4B-52256F83836E}.Debug|Any CPU.ActiveCfg = Debug|x86
		{952700CD-A384-43A4-AC4B-52256F83836E}.Debug|Mixed Platforms.ActiveCfg = Debug|x86
		{952700CD-A384-43A4-AC4B-52256F83836E}.Debug|Mixed Platforms.Build.0 = Debug|x86
		{952700CD-A384-43A4-AC4B-52256F83836E}.Debug|Win32.ActiveCfg = Debug|x86
		{952700CD-A384-43A4-AC4B-52256F83836E}.Debug|Win32.Build.0 = Debug|x86
		{952700CD-A384-43A4-AC4B-52256F83836E}.Debug|x86.ActiveCfg = Debug|x86
		{952700CD-A384-43A4-AC4B-52256F83836E}.Debug|x86.Build.0 = Debug|x86
		{952700CD-A384-43A4-AC4B-52256F83836E}.Release|Any CPU.ActiveCfg = Release|x86
		{952700CD-A384-43A4-AC4B-52256F83836E}.Release|Mixed Platforms.ActiveCfg = Release|x86
		{952700CD-A384-43A4-AC4B-52256F83836E}.Release|Mixed Platforms.Build.0 = Release|x86
		{952700CD-A384-43A4-AC4B-52256F83836E}.Release|Win32.ActiveCfg = Release|x86
		{952700CD-A384-43A4-AC4B-52256F83836E}.Release|Win32.Build.0 = Release|x86
		{952700CD-A384-43A4-AC4B-52256F83836E}.Release|x86.ActiveCfg = Release|x86
		{952700CD-A384-43A4-AC4B-52256F83836E}.Release|x86.Build.0 = Release|x86
	EndGlobalSection
	GlobalSection(SolutionProperties) = preSolution
		HideSolutionNode = FALSE
	EndGlobalSection
EndGlobal
