
Microsoft Visual Studio Solution File, Format Version 12.00
# Visual Studio 2013
VisualStudioVersion = 12.0.21005.1
MinimumVisualStudioVersion = 10.0.40219.1
Project("{FAE04EC0-301F-11D3-BF4B-00C04F79EFBC}") = "OpenFlightGamepad", "OpenFlightGamepad\OpenFlightGamepad.csproj", "{834C7DDD-0E59-43E0-A540-409434C3E0E1}"
EndProject
Project("{FAE04EC0-301F-11D3-BF4B-00C04F79EFBC}") = "SimpleWifi", "SimpleWifi\SimpleWifi.csproj", "{6AA425C9-EA6A-4B01-AAED-5FF122E8B663}"
EndProject
Project("{FAE04EC0-301F-11D3-BF4B-00C04F79EFBC}") = "DroneUdpVideoRX", "DroneUdpVideoRX\DroneUdpVideoRX.csproj", "{F35283D1-8CFE-499A-A2F0-833F7D71775D}"
EndProject
Project("{FAE04EC0-301F-11D3-BF4B-00C04F79EFBC}") = "DroneConnect", "DroneConnect\DroneConnect.csproj", "{088F6E48-A1E6-4666-A4C8-22277D66175A}"
EndProject
Global
	GlobalSection(SolutionConfigurationPlatforms) = preSolution
		Debug|Any CPU = Debug|Any CPU
		Debug|Mixed Platforms = Debug|Mixed Platforms
		Debug|Win32 = Debug|Win32
		Debug|x86 = Debug|x86
		Release|Any CPU = Release|Any CPU
		Release|Mixed Platforms = Release|Mixed Platforms
		Release|Win32 = Release|Win32
		Release|x86 = Release|x86
	EndGlobalSection
	GlobalSection(ProjectConfigurationPlatforms) = postSolution
		{834C7DDD-0E59-43E0-A540-409434C3E0E1}.Debug|Any CPU.ActiveCfg = Debug|Any CPU
		{834C7DDD-0E59-43E0-A540-409434C3E0E1}.Debug|Any CPU.Build.0 = Debug|Any CPU
		{834C7DDD-0E59-43E0-A540-409434C3E0E1}.Debug|Mixed Platforms.ActiveCfg = Debug|Any CPU
		{834C7DDD-0E59-43E0-A540-409434C3E0E1}.Debug|Mixed Platforms.Build.0 = Debug|Any CPU
		{834C7DDD-0E59-43E0-A540-409434C3E0E1}.Debug|Win32.ActiveCfg = Debug|Any CPU
		{834C7DDD-0E59-43E0-A540-409434C3E0E1}.Debug|x86.ActiveCfg = Debug|Any CPU
		{834C7DDD-0E59-43E0-A540-409434C3E0E1}.Release|Any CPU.ActiveCfg = Release|Any CPU
		{834C7DDD-0E59-43E0-A540-409434C3E0E1}.Release|Any CPU.Build.0 = Release|Any CPU
		{834C7DDD-0E59-43E0-A540-409434C3E0E1}.Release|Mixed Platforms.ActiveCfg = Release|Any CPU
		{834C7DDD-0E59-43E0-A540-409434C3E0E1}.Release|Mixed Platforms.Build.0 = Release|Any CPU
		{834C7DDD-0E59-43E0-A540-409434C3E0E1}.Release|Win32.ActiveCfg = Release|Any CPU
		{834C7DDD-0E59-43E0-A540-409434C3E0E1}.Release|x86.ActiveCfg = Release|Any CPU
		{6AA425C9-EA6A-4B01-AAED-5FF122E8B663}.Debug|Any CPU.ActiveCfg = Debug|Any CPU
		{6AA425C9-EA6A-4B01-AAED-5FF122E8B663}.Debug|Any CPU.Build.0 = Debug|Any CPU
		{6AA425C9-EA6A-4B01-AAED-5FF122E8B663}.Debug|Mixed Platforms.ActiveCfg = Debug|Any CPU
		{6AA425C9-EA6A-4B01-AAED-5FF122E8B663}.Debug|Mixed Platforms.Build.0 = Debug|Any CPU
		{6AA425C9-EA6A-4B01-AAED-5FF122E8B663}.Debug|Win32.ActiveCfg = Debug|Any CPU
		{6AA425C9-EA6A-4B01-AAED-5FF122E8B663}.Debug|x86.ActiveCfg = Debug|Any CPU
		{6AA425C9-EA6A-4B01-AAED-5FF122E8B663}.Release|Any CPU.ActiveCfg = Release|Any CPU
		{6AA425C9-EA6A-4B01-AAED-5FF122E8B663}.Release|Any CPU.Build.0 = Release|Any CPU
		{6AA425C9-EA6A-4B01-AAED-5FF122E8B663}.Release|Mixed Platforms.ActiveCfg = Release|Any CPU
		{6AA425C9-EA6A-4B01-AAED-5FF122E8B663}.Release|Mixed Platforms.Build.0 = Release|Any CPU
		{6AA425C9-EA6A-4B01-AAED-5FF122E8B663}.Release|Win32.ActiveCfg = Release|Any CPU
		{6AA425C9-EA6A-4B01-AAED-5FF122E8B663}.Release|x86.ActiveCfg = Release|Any CPU
		{F35283D1-8CFE-499A-A2F0-833F7D71775D}.Debug|Any CPU.ActiveCfg = Debug|Any CPU
		{F35283D1-8CFE-499A-A2F0-833F7D71775D}.Debug|Any CPU.Build.0 = Debug|Any CPU
		{F35283D1-8CFE-499A-A2F0-833F7D71775D}.Debug|Mixed Platforms.ActiveCfg = Debug|Any CPU
		{F35283D1-8CFE-499A-A2F0-833F7D71775D}.Debug|Mixed Platforms.Build.0 = Debug|Any CPU
		{F35283D1-8CFE-499A-A2F0-833F7D71775D}.Debug|Win32.ActiveCfg = Debug|Any CPU
		{F35283D1-8CFE-499A-A2F0-833F7D71775D}.Debug|x86.ActiveCfg = Debug|Any CPU
		{F35283D1-8CFE-499A-A2F0-833F7D71775D}.Release|Any CPU.ActiveCfg = Release|Any CPU
		{F35283D1-8CFE-499A-A2F0-833F7D71775D}.Release|Any CPU.Build.0 = Release|Any CPU
		{F35283D1-8CFE-499A-A2F0-833F7D71775D}.Release|Mixed Platforms.ActiveCfg = Release|Any CPU
		{F35283D1-8CFE-499A-A2F0-833F7D71775D}.Release|Mixed Platforms.Build.0 = Release|Any CPU
		{F35283D1-8CFE-499A-A2F0-833F7D71775D}.Release|Win32.ActiveCfg = Release|Any CPU
		{F35283D1-8CFE-499A-A2F0-833F7D71775D}.Release|x86.ActiveCfg = Release|Any CPU
		{088F6E48-A1E6-4666-A4C8-22277D66175A}.Debug|Any CPU.ActiveCfg = Debug|Any CPU
		{088F6E48-A1E6-4666-A4C8-22277D66175A}.Debug|Any CPU.Build.0 = Debug|Any CPU
		{088F6E48-A1E6-4666-A4C8-22277D66175A}.Debug|Mixed Platforms.ActiveCfg = Debug|Any CPU
		{088F6E48-A1E6-4666-A4C8-22277D66175A}.Debug|Mixed Platforms.Build.0 = Debug|Any CPU
		{088F6E48-A1E6-4666-A4C8-22277D66175A}.Debug|Win32.ActiveCfg = Debug|Any CPU
		{088F6E48-A1E6-4666-A4C8-22277D66175A}.Debug|x86.ActiveCfg = Debug|Any CPU
		{088F6E48-A1E6-4666-A4C8-22277D66175A}.Release|Any CPU.ActiveCfg = Release|Any CPU
		{088F6E48-A1E6-4666-A4C8-22277D66175A}.Release|Any CPU.Build.0 = Release|Any CPU
		{088F6E48-A1E6-4666-A4C8-22277D66175A}.Release|Mixed Platforms.ActiveCfg = Release|Any CPU
		{088F6E48-A1E6-4666-A4C8-22277D66175A}.Release|Mixed Platforms.Build.0 = Release|Any CPU
		{088F6E48-A1E6-4666-A4C8-22277D66175A}.Release|Win32.ActiveCfg = Release|Any CPU
		{088F6E48-A1E6-4666-A4C8-22277D66175A}.Release|x86.ActiveCfg = Release|Any CPU
	EndGlobalSection
	GlobalSection(SolutionProperties) = preSolution
		HideSolutionNode = FALSE
	EndGlobalSection
EndGlobal
